
Microsoft Visual Studio Solution File, Format Version 12.00
# Visual Studio Version 17
VisualStudioVersion = 17.12.35323.107
MinimumVisualStudioVersion = 10.0.40219.1
Project("{FAE04EC0-301F-11D3-BF4B-00C04F79EFBC}") = "BeanRider.Model", "BeanRider.Model\BeanRider.Model.csproj", "{70C89052-E08D-49B3-8B39-410129AEAF95}"
EndProject
Project("{FAE04EC0-301F-11D3-BF4B-00C04F79EFBC}") = "BeanRider.Data.Db", "BeanRider.Data.Db\BeanRider.Data.Db.csproj", "{E7BFEBF2-52CE-4BC4-BA35-A565DFD85435}"
EndProject
Project("{FAE04EC0-301F-11D3-BF4B-00C04F79EFBC}") = "BeanRider.Data.Db.Tests", "BeanRider.Data.Db.Tests\BeanRider.Data.Db.Tests.csproj", "{DD8C48ED-63BA-49DC-8BC1-72978D3AE3CE}"
EndProject
Project("{FAE04EC0-301F-11D3-BF4B-00C04F79EFBC}") = "BeanRider.Logic", "BeanRider.Logic\BeanRider.Logic.csproj", "{BA4B0EB4-C2FB-4DF1-8DFC-EF777AF8E32E}"
EndProject
Project("{FAE04EC0-301F-11D3-BF4B-00C04F79EFBC}") = "BeanRider.Logic.Tests", "BeanRider.Logic.Tests\BeanRider.Logic.Tests.csproj", "{984F8703-568C-4788-9B93-D95B931C59E3}"
EndProject
Project("{FAE04EC0-301F-11D3-BF4B-00C04F79EFBC}") = "BeanRider.UI.DevConsole", "BeanRider.UI.DevConsole\BeanRider.UI.DevConsole.csproj", "{40636B65-D8F4-4A7E-B4D6-F6C38BAD90B6}"
EndProject
Project("{FAE04EC0-301F-11D3-BF4B-00C04F79EFBC}") = "BeanRider.UI.Web.MVC", "BeanRider.UI.Web.MVC\BeanRider.UI.Web.MVC.csproj", "{A443ECE5-A161-49F7-87E5-006C6A0634F2}"
EndProject
Project("{FAE04EC0-301F-11D3-BF4B-00C04F79EFBC}") = "BeanRider.UI.Api.Web", "BeanRider.UI.Api.Web\BeanRider.UI.Api.Web.csproj", "{F29CA460-E154-4A7F-A35A-7A9677246AF4}"
EndProject
Project("{FAE04EC0-301F-11D3-BF4B-00C04F79EFBC}") = "BeanRider.UI.Blazor", "BeanRider.UI.Blazor\BeanRider.UI.Blazor.csproj", "{2DC9437F-6DE4-4A06-99D8-82DB38F96A5B}"
EndProject
Project("{FAE04EC0-301F-11D3-BF4B-00C04F79EFBC}") = "BeanRider.UI.Blazor.Tests", "BeanRider.UI.Blazor.Tests\BeanRider.UI.Blazor.Tests.csproj", "{A3046382-577C-47C6-9279-8E2DEB3BB3A0}"
EndProject
Global
	GlobalSection(SolutionConfigurationPlatforms) = preSolution
		Debug|Any CPU = Debug|Any CPU
		Release|Any CPU = Release|Any CPU
	EndGlobalSection
	GlobalSection(ProjectConfigurationPlatforms) = postSolution
		{70C89052-E08D-49B3-8B39-410129AEAF95}.Debug|Any CPU.ActiveCfg = Debug|Any CPU
		{70C89052-E08D-49B3-8B39-410129AEAF95}.Debug|Any CPU.Build.0 = Debug|Any CPU
		{70C89052-E08D-49B3-8B39-410129AEAF95}.Release|Any CPU.ActiveCfg = Release|Any CPU
		{70C89052-E08D-49B3-8B39-410129AEAF95}.Release|Any CPU.Build.0 = Release|Any CPU
		{E7BFEBF2-52CE-4BC4-BA35-A565DFD85435}.Debug|Any CPU.ActiveCfg = Debug|Any CPU
		{E7BFEBF2-52CE-4BC4-BA35-A565DFD85435}.Debug|Any CPU.Build.0 = Debug|Any CPU
		{E7BFEBF2-52CE-4BC4-BA35-A565DFD85435}.Release|Any CPU.ActiveCfg = Release|Any CPU
		{E7BFEBF2-52CE-4BC4-BA35-A565DFD85435}.Release|Any CPU.Build.0 = Release|Any CPU
		{DD8C48ED-63BA-49DC-8BC1-72978D3AE3CE}.Debug|Any CPU.ActiveCfg = Debug|Any CPU
		{DD8C48ED-63BA-49DC-8BC1-72978D3AE3CE}.Debug|Any CPU.Build.0 = Debug|Any CPU
		{DD8C48ED-63BA-49DC-8BC1-72978D3AE3CE}.Release|Any CPU.ActiveCfg = Release|Any CPU
		{DD8C48ED-63BA-49DC-8BC1-72978D3AE3CE}.Release|Any CPU.Build.0 = Release|Any CPU
		{BA4B0EB4-C2FB-4DF1-8DFC-EF777AF8E32E}.Debug|Any CPU.ActiveCfg = Debug|Any CPU
		{BA4B0EB4-C2FB-4DF1-8DFC-EF777AF8E32E}.Debug|Any CPU.Build.0 = Debug|Any CPU
		{BA4B0EB4-C2FB-4DF1-8DFC-EF777AF8E32E}.Release|Any CPU.ActiveCfg = Release|Any CPU
		{BA4B0EB4-C2FB-4DF1-8DFC-EF777AF8E32E}.Release|Any CPU.Build.0 = Release|Any CPU
		{984F8703-568C-4788-9B93-D95B931C59E3}.Debug|Any CPU.ActiveCfg = Debug|Any CPU
		{984F8703-568C-4788-9B93-D95B931C59E3}.Debug|Any CPU.Build.0 = Debug|Any CPU
		{984F8703-568C-4788-9B93-D95B931C59E3}.Release|Any CPU.ActiveCfg = Release|Any CPU
		{984F8703-568C-4788-9B93-D95B931C59E3}.Release|Any CPU.Build.0 = Release|Any CPU
		{40636B65-D8F4-4A7E-B4D6-F6C38BAD90B6}.Debug|Any CPU.ActiveCfg = Debug|Any CPU
		{40636B65-D8F4-4A7E-B4D6-F6C38BAD90B6}.Debug|Any CPU.Build.0 = Debug|Any CPU
		{40636B65-D8F4-4A7E-B4D6-F6C38BAD90B6}.Release|Any CPU.ActiveCfg = Release|Any CPU
		{40636B65-D8F4-4A7E-B4D6-F6C38BAD90B6}.Release|Any CPU.Build.0 = Release|Any CPU
		{A443ECE5-A161-49F7-87E5-006C6A0634F2}.Debug|Any CPU.ActiveCfg = Debug|Any CPU
		{A443ECE5-A161-49F7-87E5-006C6A0634F2}.Debug|Any CPU.Build.0 = Debug|Any CPU
		{A443ECE5-A161-49F7-87E5-006C6A0634F2}.Release|Any CPU.ActiveCfg = Release|Any CPU
		{A443ECE5-A161-49F7-87E5-006C6A0634F2}.Release|Any CPU.Build.0 = Release|Any CPU
		{F29CA460-E154-4A7F-A35A-7A9677246AF4}.Debug|Any CPU.ActiveCfg = Debug|Any CPU
		{F29CA460-E154-4A7F-A35A-7A9677246AF4}.Debug|Any CPU.Build.0 = Debug|Any CPU
		{F29CA460-E154-4A7F-A35A-7A9677246AF4}.Release|Any CPU.ActiveCfg = Release|Any CPU
		{F29CA460-E154-4A7F-A35A-7A9677246AF4}.Release|Any CPU.Build.0 = Release|Any CPU
		{2DC9437F-6DE4-4A06-99D8-82DB38F96A5B}.Debug|Any CPU.ActiveCfg = Debug|Any CPU
		{2DC9437F-6DE4-4A06-99D8-82DB38F96A5B}.Debug|Any CPU.Build.0 = Debug|Any CPU
		{2DC9437F-6DE4-4A06-99D8-82DB38F96A5B}.Release|Any CPU.ActiveCfg = Release|Any CPU
		{2DC9437F-6DE4-4A06-99D8-82DB38F96A5B}.Release|Any CPU.Build.0 = Release|Any CPU
		{A3046382-577C-47C6-9279-8E2DEB3BB3A0}.Debug|Any CPU.ActiveCfg = Debug|Any CPU
		{A3046382-577C-47C6-9279-8E2DEB3BB3A0}.Debug|Any CPU.Build.0 = Debug|Any CPU
		{A3046382-577C-47C6-9279-8E2DEB3BB3A0}.Release|Any CPU.ActiveCfg = Release|Any CPU
		{A3046382-577C-47C6-9279-8E2DEB3BB3A0}.Release|Any CPU.Build.0 = Release|Any CPU
	EndGlobalSection
	GlobalSection(SolutionProperties) = preSolution
		HideSolutionNode = FALSE
	EndGlobalSection
	GlobalSection(ExtensibilityGlobals) = postSolution
		SolutionGuid = {E5740DFA-06A1-48F7-8D1A-C56E4F72CCE4}
	EndGlobalSection
EndGlobal
